{
  "name": "uni-yzkk",
  "version": "1.0.0",
  "lockfileVersion": 1,
  "requires": true,
  "dependencies": {
    "jweixin-module": {
      "version": "1.6.0",
      "resolved": "https://registry.npmjs.org/jweixin-module/-/jweixin-module-1.6.0.tgz",
      "integrity": "sha512-dGk9cf+ipipHmtzYmKZs5B2toX+p4hLyllGLF6xuC8t+B05oYxd8fYoaRz0T30U2n3RUv8a4iwvjhA+OcYz52w=="
    },
    "weixin-js-sdk": {
      "version": "1.4.0-test",
      "resolved": "https://registry.npmjs.org/weixin-js-sdk/-/weixin-js-sdk-1.4.0-test.tgz",
      "integrity": "sha512-Dh/TwKhaQVAlyqEXdR65aJdexsynOhCEauexY93YZ+gXcV+ITTd/qvAHdwmkGP0nwAp314v0FD4AXUqCBQFm6Q=="
    }
  }
}
